
Microsoft Visual Studio Solution File, Format Version 12.00
# Visual Studio Version 17
VisualStudioVersion = 17.0.31717.71
MinimumVisualStudioVersion = 10.0.40219.1
Project("{9A19103F-16F7-4668-BE54-9A1E7A4F7556}") = "Client", "Client\Client.csproj", "{66855D84-9FB7-4197-AD5D-DECEF013FD4A}"
EndProject
Project("{9A19103F-16F7-4668-BE54-9A1E7A4F7556}") = "Server", "Server\Server.csproj", "{F61A2E19-8BD6-423F-9FF0-90C112D619E9}"
EndProject
Global
	GlobalSection(SolutionConfigurationPlatforms) = preSolution
		Debug|Any CPU = Debug|Any CPU
		Release|Any CPU = Release|Any CPU
	EndGlobalSection
	GlobalSection(ProjectConfigurationPlatforms) = postSolution
		{66855D84-9FB7-4197-AD5D-DECEF013FD4A}.Debug|Any CPU.ActiveCfg = Debug|Any CPU
		{66855D84-9FB7-4197-AD5D-DECEF013FD4A}.Debug|Any CPU.Build.0 = Debug|Any CPU
		{66855D84-9FB7-4197-AD5D-DECEF013FD4A}.Release|Any CPU.ActiveCfg = Release|Any CPU
		{66855D84-9FB7-4197-AD5D-DECEF013FD4A}.Release|Any CPU.Build.0 = Release|Any CPU
		{F61A2E19-8BD6-423F-9FF0-90C112D619E9}.Debug|Any CPU.ActiveCfg = Debug|Any CPU
		{F61A2E19-8BD6-423F-9FF0-90C112D619E9}.Debug|Any CPU.Build.0 = Debug|Any CPU
		{F61A2E19-8BD6-423F-9FF0-90C112D619E9}.Release|Any CPU.ActiveCfg = Release|Any CPU
		{F61A2E19-8BD6-423F-9FF0-90C112D619E9}.Release|Any CPU.Build.0 = Release|Any CPU
	EndGlobalSection
	GlobalSection(SolutionProperties) = preSolution
		HideSolutionNode = FALSE
	EndGlobalSection
	GlobalSection(ExtensibilityGlobals) = postSolution
		SolutionGuid = {5012C2EB-2556-4679-B838-F4F39C4EFF21}
	EndGlobalSection
EndGlobal
